
Microsoft Visual Studio Solution File, Format Version 12.00
# Visual Studio Version 16
VisualStudioVersion = 16.0.810.1
MinimumVisualStudioVersion = 10.0.40219.1
Project("{FAE04EC0-301F-11D3-BF4B-00C04F79EFBC}") = "BlazorBattles-net5.Server", "Server\BlazorBattles-net5.Server.csproj", "{17328DDB-A3C2-46E9-B9D6-09EAA284C8A1}"
EndProject
Project("{FAE04EC0-301F-11D3-BF4B-00C04F79EFBC}") = "BlazorBattles-net5.Client", "Client\BlazorBattles-net5.Client.csproj", "{38A613B0-B3D6-44C2-A620-AAF4C369C6E5}"
EndProject
Project("{FAE04EC0-301F-11D3-BF4B-00C04F79EFBC}") = "BlazorBattles-net5.Shared", "Shared\BlazorBattles-net5.Shared.csproj", "{93A70E0F-82A8-4463-ADD5-ABB19F3F5AF9}"
EndProject
Global
	GlobalSection(SolutionConfigurationPlatforms) = preSolution
		Debug|Any CPU = Debug|Any CPU
		Release|Any CPU = Release|Any CPU
	EndGlobalSection
	GlobalSection(ProjectConfigurationPlatforms) = postSolution
		{17328DDB-A3C2-46E9-B9D6-09EAA284C8A1}.Debug|Any CPU.ActiveCfg = Debug|Any CPU
		{17328DDB-A3C2-46E9-B9D6-09EAA284C8A1}.Debug|Any CPU.Build.0 = Debug|Any CPU
		{17328DDB-A3C2-46E9-B9D6-09EAA284C8A1}.Release|Any CPU.ActiveCfg = Release|Any CPU
		{17328DDB-A3C2-46E9-B9D6-09EAA284C8A1}.Release|Any CPU.Build.0 = Release|Any CPU
		{38A613B0-B3D6-44C2-A620-AAF4C369C6E5}.Debug|Any CPU.ActiveCfg = Debug|Any CPU
		{38A613B0-B3D6-44C2-A620-AAF4C369C6E5}.Debug|Any CPU.Build.0 = Debug|Any CPU
		{38A613B0-B3D6-44C2-A620-AAF4C369C6E5}.Release|Any CPU.ActiveCfg = Release|Any CPU
		{38A613B0-B3D6-44C2-A620-AAF4C369C6E5}.Release|Any CPU.Build.0 = Release|Any CPU
		{93A70E0F-82A8-4463-ADD5-ABB19F3F5AF9}.Debug|Any CPU.ActiveCfg = Debug|Any CPU
		{93A70E0F-82A8-4463-ADD5-ABB19F3F5AF9}.Debug|Any CPU.Build.0 = Debug|Any CPU
		{93A70E0F-82A8-4463-ADD5-ABB19F3F5AF9}.Release|Any CPU.ActiveCfg = Release|Any CPU
		{93A70E0F-82A8-4463-ADD5-ABB19F3F5AF9}.Release|Any CPU.Build.0 = Release|Any CPU
	EndGlobalSection
	GlobalSection(SolutionProperties) = preSolution
		HideSolutionNode = FALSE
	EndGlobalSection
	GlobalSection(ExtensibilityGlobals) = postSolution
		SolutionGuid = {0956A0DE-BC49-4116-938A-3C70B1605793}
	EndGlobalSection
EndGlobal
